// !$*UTF8*$!
{
	archiveVersion = 1;
	classes = {
	};
	objectVersion = 77;
	objects = {

/* Begin PBXBuildFile section */
		49D1873A2FCB0B6200670C29 /* Alamofire in Frameworks */ = {isa = PBXBuildFile; productRef = 49D187392FCB0B6200670C29 /* Alamofire */; };
		49D1874A2FCB202B00670C29 /* FactoryKit in Frameworks */ = {isa = PBXBuildFile; productRef = 49D187492FCB202B00670C29 /* FactoryKit */; };
		49D187952FCB6F0400670C29 /* SDWebImage in Frameworks */ = {isa = PBXBuildFile; productRef = 49D187942FCB6F0400670C29 /* SDWebImage */; };
		49D187972FCB6F0400670C29 /* SDWebImageMapKit in Frameworks */ = {isa = PBXBuildFile; productRef = 49D187962FCB6F0400670C29 /* SDWebImageMapKit */; };
		49EFB6C22FD57E2200F7E1A5 /* Pulse in Frameworks */ = {isa = PBXBuildFile; productRef = 49EFB6C12FD57E2200F7E1A5 /* Pulse */; };
		49EFB6C42FD57E2200F7E1A5 /* PulseProxy in Frameworks */ = {isa = PBXBuildFile; productRef = 49EFB6C32FD57E2200F7E1A5 /* PulseProxy */; };
		49EFB6C62FD57E2200F7E1A5 /* PulseUI in Frameworks */ = {isa = PBXBuildFile; productRef = 49EFB6C52FD57E2200F7E1A5 /* PulseUI */; };
/* End PBXBuildFile section */

/* Begin PBXFileReference section */
		49D1870C2FCA202200670C29 /* module4lesson3.app */ = {isa = PBXFileReference; explicitFileType = wrapper.application; includeInIndex = 0; path = module4lesson3.app; sourceTree = BUILT_PRODUCTS_DIR; };
		49D1A1010000000000000001 /* Secrets.xcconfig */ = {isa = PBXFileReference; lastKnownFileType = text.xcconfig; path = Secrets.xcconfig; sourceTree = "<group>"; };
/* End PBXFileReference section */

/* Begin PBXFileSystemSynchronizedBuildFileExceptionSet section */
		49D1871E2FCA202400670C29 /* Exceptions for "module4lesson3" folder in "module4lesson3" target */ = {
			isa = PBXFileSystemSynchronizedBuildFileExceptionSet;
			membershipExceptions = (
				Info.plist,
			);
			target = 49D1870B2FCA202200670C29 /* module4lesson3 */;
		};
/* End PBXFileSystemSynchronizedBuildFileExceptionSet section */

/* Begin PBXFileSystemSynchronizedRootGroup section */
		49D1870E2FCA202200670C29 /* module4lesson3 */ = {
			isa = PBXFileSystemSynchronizedRootGroup;
			exceptions = (
				49D1871E2FCA202400670C29 /* Exceptions for "module4lesson3" folder in "module4lesson3" target */,
			);
			path = module4lesson3;
			sourceTree = "<group>";
		};
/* End PBXFileSystemSynchronizedRootGroup section */

/* Begin PBXFrameworksBuildPhase section */
		49D187092FCA202200670C29 /* Frameworks */ = {
			isa = PBXFrameworksBuildPhase;
			buildActionMask = 2147483647;
			files = (
				49D187952FCB6F0400670C29 /* SDWebImage in Frameworks */,
				49D1874A2FCB202B00670C29 /* FactoryKit in Frameworks */,
				49EFB6C22FD57E2200F7E1A5 /* Pulse in Frameworks */,
				49EFB6C42FD57E2200F7E1A5 /* PulseProxy in Frameworks */,
				49EFB6C62FD57E2200F7E1A5 /* PulseUI in Frameworks */,
				49D187972FCB6F0400670C29 /* SDWebImageMapKit in Frameworks */,
				49D1873A2FCB0B6200670C29 /* Alamofire in Frameworks */,
			);
			runOnlyForDeploymentPostprocessing = 0;
		};
/* End PBXFrameworksBuildPhase section */

/* Begin PBXGroup section */
		49D187032FCA202200670C29 = {
			isa = PBXGroup;
			children = (
				49D1A1010000000000000002 /* Config */,
				49D1870E2FCA202200670C29 /* module4lesson3 */,
				49D1870D2FCA202200670C29 /* Products */,
			);
			sourceTree = "<group>";
		};
		49D1870D2FCA202200670C29 /* Products */ = {
			isa = PBXGroup;
			children = (
				49D1870C2FCA202200670C29 /* module4lesson3.app */,
			);
			name = Products;
			sourceTree = "<group>";
		};
		49D1A1010000000000000002 /* Config */ = {
			isa = PBXGroup;
			children = (
				49D1A1010000000000000001 /* Secrets.xcconfig */,
			);
			path = Config;
			sourceTree = "<group>";
		};
/* End PBXGroup section */

/* Begin PBXNativeTarget section */
		49D1870B2FCA202200670C29 /* module4lesson3 */ = {
			isa = PBXNativeTarget;
			buildConfigurationList = 49D1871F2FCA202400670C29 /* Build configuration list for PBXNativeTarget "module4lesson3" */;
			buildPhases = (
				49D187082FCA202200670C29 /* Sources */,
				49D187092FCA202200670C29 /* Frameworks */,
				49D1870A2FCA202200670C29 /* Resources */,
			);
			buildRules = (
			);
			dependencies = (
			);
			fileSystemSynchronizedGroups = (
				49D1870E2FCA202200670C29 /* module4lesson3 */,
			);
			name = module4lesson3;
			packageProductDependencies = (
				49D187392FCB0B6200670C29 /* Alamofire */,
				49D187492FCB202B00670C29 /* FactoryKit */,
				49D187942FCB6F0400670C29 /* SDWebImage */,
				49D187962FCB6F0400670C29 /* SDWebImageMapKit */,
				49EFB6C12FD57E2200F7E1A5 /* Pulse */,
				49EFB6C32FD57E2200F7E1A5 /* PulseProxy */,
				49EFB6C52FD57E2200F7E1A5 /* PulseUI */,
			);
			productName = module4lesson3;
			productReference = 49D1870C2FCA202200670C29 /* module4lesson3.app */;
			productType = "com.apple.product-type.application";
		};
/* End PBXNativeTarget section */

/* Begin PBXProject section */
		49D187042FCA202200670C29 /* Project object */ = {
			isa = PBXProject;
			attributes = {
				BuildIndependentTargetsInParallel = 1;
				LastSwiftUpdateCheck = 2640;
				LastUpgradeCheck = 2640;
				TargetAttributes = {
					49D1870B2FCA202200670C29 = {
						CreatedOnToolsVersion = 26.4;
					};
				};
			};
			buildConfigurationList = 49D187072FCA202200670C29 /* Build configuration list for PBXProject "module4lesson3" */;
			developmentRegion = en;
			hasScannedForEncodings = 0;
			knownRegions = (
				en,
				Base,
				ru,
			);
			mainGroup = 49D187032FCA202200670C29;
			minimizedProjectReferenceProxies = 1;
			packageReferences = (
				49D187382FCB0B6200670C29 /* XCRemoteSwiftPackageReference "Alamofire" */,
				49D187482FCB202B00670C29 /* XCRemoteSwiftPackageReference "Factory" */,
				49D187932FCB6F0400670C29 /* XCRemoteSwiftPackageReference "sdwebimage" */,
				49EFB6C02FD57E2200F7E1A5 /* XCRemoteSwiftPackageReference "Pulse" */,
			);
			preferredProjectObjectVersion = 77;
			productRefGroup = 49D1870D2FCA202200670C29 /* Products */;
			projectDirPath = "";
			projectRoot = "";
			targets = (
				49D1870B2FCA202200670C29 /* module4lesson3 */,
			);
		};
/* End PBXProject section */

/* Begin PBXResourcesBuildPhase section */
		49D1870A2FCA202200670C29 /* Resources */ = {
			isa = PBXResourcesBuildPhase;
			buildActionMask = 2147483647;
			files = (
			);
			runOnlyForDeploymentPostprocessing = 0;
		};
/* End PBXResourcesBuildPhase section */

/* Begin PBXSourcesBuildPhase section */
		49D187082FCA202200670C29 /* Sources */ = {
			isa = PBXSourcesBuildPhase;
			buildActionMask = 2147483647;
			files = (
			);
			runOnlyForDeploymentPostprocessing = 0;
		};
/* End PBXSourcesBuildPhase section */

/* Begin XCBuildConfiguration section */
		49D187202FCA202400670C29 /* Debug */ = {
			isa = XCBuildConfiguration;
			baseConfigurationReference = 49D1A1010000000000000001 /* Secrets.xcconfig */;
			buildSettings = {
				ASSETCATALOG_COMPILER_APPICON_NAME = AppIcon;
				ASSETCATALOG_COMPILER_GLOBAL_ACCENT_COLOR_NAME = AccentColor;
				CODE_SIGN_STYLE = Automatic;
				CURRENT_PROJECT_VERSION = 1;
				DEVELOPMENT_TEAM = ZBJ43QUHRD;
				GENERATE_INFOPLIST_FILE = YES;
				INFOPLIST_FILE = module4lesson3/Info.plist;
				INFOPLIST_KEY_UIApplicationSupportsIndirectInputEvents = YES;
				INFOPLIST_KEY_UILaunchStoryboardName = LaunchScreen;
				INFOPLIST_KEY_UIMainStoryboardFile = "";
				INFOPLIST_KEY_UISupportedInterfaceOrientations_iPad = "UIInterfaceOrientationPortrait UIInterfaceOrientationPortraitUpsideDown UIInterfaceOrientationLandscapeLeft UIInterfaceOrientationLandscapeRight";
				INFOPLIST_KEY_UISupportedInterfaceOrientations_iPhone = "UIInterfaceOrientationPortrait UIInterfaceOrientationLandscapeLeft UIInterfaceOrientationLandscapeRight";
				IPHONEOS_DEPLOYMENT_TARGET = 17.6;
				LD_RUNPATH_SEARCH_PATHS = (
					"$(inherited)",
					"@executable_path/Frameworks",
				);
				MARKETING_VERSION = 1.0;
				PRODUCT_BUNDLE_IDENTIFIER = com.swiftui.module4lesson3;
				PRODUCT_NAME = "$(TARGET_NAME)";
				STRING_CATALOG_GENERATE_SYMBOLS = YES;
				SWIFT_APPROACHABLE_CONCURRENCY = YES;
				SWIFT_DEFAULT_ACTOR_ISOLATION = MainActor;
				SWIFT_EMIT_LOC_STRINGS = YES;
				SWIFT_UPCOMING_FEATURE_MEMBER_IMPORT_VISIBILITY = YES;
				SWIFT_VERSION = 5.0;
				TARGETED_DEVICE_FAMILY = "1,2";
			};
			name = Debug;
		};
		49D187212FCA202400670C29 /* Release */ = {
			isa = XCBuildConfiguration;
			baseConfigurationReference = 49D1A1010000000000000001 /* Secrets.xcconfig */;
			buildSettings = {
				ASSETCATALOG_COMPILER_APPICON_NAME = AppIcon;
				ASSETCATALOG_COMPILER_GLOBAL_ACCENT_COLOR_NAME = AccentColor;
				CODE_SIGN_STYLE = Automatic;
				CURRENT_PROJECT_VERSION = 1;
				DEVELOPMENT_TEAM = ZBJ43QUHRD;
				GENERATE_INFOPLIST_FILE = YES;
				INFOPLIST_FILE = module4lesson3/Info.plist;
				INFOPLIST_KEY_UIApplicationSupportsIndirectInputEvents = YES;
				INFOPLIST_KEY_UILaunchStoryboardName = LaunchScreen;
				INFOPLIST_KEY_UIMainStoryboardFile = "";
				INFOPLIST_KEY_UISupportedInterfaceOrientations_iPad = "UIInterfaceOrientationPortrait UIInterfaceOrientationPortraitUpsideDown UIInterfaceOrientationLandscapeLeft UIInterfaceOrientationLandscapeRight";
				INFOPLIST_KEY_UISupportedInterfaceOrientations_iPhone = "UIInterfaceOrientationPortrait UIInterfaceOrientationLandscapeLeft UIInterfaceOrientationLandscapeRight";
				IPHONEOS_DEPLOYMENT_TARGET = 17.6;
				LD_RUNPATH_SEARCH_PATHS = (
					"$(inherited)",
					"@executable_path/Frameworks",
				);
				MARKETING_VERSION = 1.0;
				PRODUCT_BUNDLE_IDENTIFIER = com.swiftui.module4lesson3;
				PRODUCT_NAME = "$(TARGET_NAME)";
				STRING_CATALOG_GENERATE_SYMBOLS = YES;
				SWIFT_APPROACHABLE_CONCURRENCY = YES;
				SWIFT_DEFAULT_ACTOR_ISOLATION = MainActor;
				SWIFT_EMIT_LOC_STRINGS = YES;
				SWIFT_UPCOMING_FEATURE_MEMBER_IMPORT_VISIBILITY = YES;
				SWIFT_VERSION = 5.0;
				TARGETED_DEVICE_FAMILY = "1,2";
			};
			name = Release;
		};
		49D187222FCA202400670C29 /* Debug */ = {
			isa = XCBuildConfiguration;
			buildSettings = {
				ALWAYS_SEARCH_USER_PATHS = NO;
				ASSETCATALOG_COMPILER_GENERATE_SWIFT_ASSET_SYMBOL_EXTENSIONS = YES;
				CLANG_ANALYZER_NONNULL = YES;
				CLANG_ANALYZER_NUMBER_OBJECT_CONVERSION = YES_AGGRESSIVE;
				CLANG_CXX_LANGUAGE_STANDARD = "gnu++20";
				CLANG_ENABLE_MODULES = YES;
				CLANG_ENABLE_OBJC_ARC = YES;
				CLANG_ENABLE_OBJC_WEAK = YES;
				CLANG_WARN_BLOCK_CAPTURE_AUTORELEASING = YES;
				CLANG_WARN_BOOL_CONVERSION = YES;
				CLANG_WARN_COMMA = YES;
				CLANG_WARN_CONSTANT_CONVERSION = YES;
				CLANG_WARN_DEPRECATED_OBJC_IMPLEMENTATIONS = YES;
				CLANG_WARN_DIRECT_OBJC_ISA_USAGE = YES_ERROR;
				CLANG_WARN_DOCUMENTATION_COMMENTS = YES;
				CLANG_WARN_EMPTY_BODY = YES;
				CLANG_WARN_ENUM_CONVERSION = YES;
				CLANG_WARN_INFINITE_RECURSION = YES;
				CLANG_WARN_INT_CONVERSION = YES;
				CLANG_WARN_NON_LITERAL_NULL_CONVERSION = YES;
				CLANG_WARN_OBJC_IMPLICIT_RETAIN_SELF = YES;
				CLANG_WARN_OBJC_LITERAL_CONVERSION = YES;
				CLANG_WARN_OBJC_ROOT_CLASS = YES_ERROR;
				CLANG_WARN_QUOTED_INCLUDE_IN_FRAMEWORK_HEADER = YES;
				CLANG_WARN_RANGE_LOOP_ANALYSIS = YES;
				CLANG_WARN_STRICT_PROTOTYPES = YES;
				CLANG_WARN_SUSPICIOUS_MOVE = YES;
				CLANG_WARN_UNGUARDED_AVAILABILITY = YES_AGGRESSIVE;
				CLANG_WARN_UNREACHABLE_CODE = YES;
				CLANG_WARN__DUPLICATE_METHOD_MATCH = YES;
				COPY_PHASE_STRIP = NO;
				DEBUG_INFORMATION_FORMAT = dwarf;
				DEVELOPMENT_TEAM = ZBJ43QUHRD;
				ENABLE_STRICT_OBJC_MSGSEND = YES;
				ENABLE_TESTABILITY = YES;
				ENABLE_USER_SCRIPT_SANDBOXING = YES;
				GCC_C_LANGUAGE_STANDARD = gnu17;
				GCC_DYNAMIC_NO_PIC = NO;
				GCC_NO_COMMON_BLOCKS = YES;
				GCC_OPTIMIZATION_LEVEL = 0;
				GCC_PREPROCESSOR_DEFINITIONS = (
					"DEBUG=1",
					"$(inherited)",
				);
				GCC_WARN_64_TO_32_BIT_CONVERSION = YES;
				GCC_WARN_ABOUT_RETURN_TYPE = YES_ERROR;
				GCC_WARN_UNDECLARED_SELECTOR = YES;
				GCC_WARN_UNINITIALIZED_AUTOS = YES_AGGRESSIVE;
				GCC_WARN_UNUSED_FUNCTION = YES;
				GCC_WARN_UNUSED_VARIABLE = YES;
				IPHONEOS_DEPLOYMENT_TARGET = 26.4;
				LOCALIZATION_PREFERS_STRING_CATALOGS = YES;
				MTL_ENABLE_DEBUG_INFO = INCLUDE_SOURCE;
				MTL_FAST_MATH = YES;
				ONLY_ACTIVE_ARCH = YES;
				SDKROOT = iphoneos;
				SWIFT_ACTIVE_COMPILATION_CONDITIONS = "DEBUG $(inherited)";
				SWIFT_OPTIMIZATION_LEVEL = "-Onone";
			};
			name = Debug;
		};
		49D187232FCA202400670C29 /* Release */ = {
			isa = XCBuildConfiguration;
			buildSettings = {
				ALWAYS_SEARCH_USER_PATHS = NO;
				ASSETCATALOG_COMPILER_GENERATE_SWIFT_ASSET_SYMBOL_EXTENSIONS = YES;
				CLANG_ANALYZER_NONNULL = YES;
				CLANG_ANALYZER_NUMBER_OBJECT_CONVERSION = YES_AGGRESSIVE;
				CLANG_CXX_LANGUAGE_STANDARD = "gnu++20";
				CLANG_ENABLE_MODULES = YES;
				CLANG_ENABLE_OBJC_ARC = YES;
				CLANG_ENABLE_OBJC_WEAK = YES;
				CLANG_WARN_BLOCK_CAPTURE_AUTORELEASING = YES;
				CLANG_WARN_BOOL_CONVERSION = YES;
				CLANG_WARN_COMMA = YES;
				CLANG_WARN_CONSTANT_CONVERSION = YES;
				CLANG_WARN_DEPRECATED_OBJC_IMPLEMENTATIONS = YES;
				CLANG_WARN_DIRECT_OBJC_ISA_USAGE = YES_ERROR;
				CLANG_WARN_DOCUMENTATION_COMMENTS = YES;
				CLANG_WARN_EMPTY_BODY = YES;
				CLANG_WARN_ENUM_CONVERSION = YES;
				CLANG_WARN_INFINITE_RECURSION = YES;
				CLANG_WARN_INT_CONVERSION = YES;
				CLANG_WARN_NON_LITERAL_NULL_CONVERSION = YES;
				CLANG_WARN_OBJC_IMPLICIT_RETAIN_SELF = YES;
				CLANG_WARN_OBJC_LITERAL_CONVERSION = YES;
				CLANG_WARN_OBJC_ROOT_CLASS = YES_ERROR;
				CLANG_WARN_QUOTED_INCLUDE_IN_FRAMEWORK_HEADER = YES;
				CLANG_WARN_RANGE_LOOP_ANALYSIS = YES;
				CLANG_WARN_STRICT_PROTOTYPES = YES;
				CLANG_WARN_SUSPICIOUS_MOVE = YES;
				CLANG_WARN_UNGUARDED_AVAILABILITY = YES_AGGRESSIVE;
				CLANG_WARN_UNREACHABLE_CODE = YES;
				CLANG_WARN__DUPLICATE_METHOD_MATCH = YES;
				COPY_PHASE_STRIP = NO;
				DEBUG_INFORMATION_FORMAT = "dwarf-with-dsym";
				DEVELOPMENT_TEAM = ZBJ43QUHRD;
				ENABLE_NS_ASSERTIONS = NO;
				ENABLE_STRICT_OBJC_MSGSEND = YES;
				ENABLE_USER_SCRIPT_SANDBOXING = YES;
				GCC_C_LANGUAGE_STANDARD = gnu17;
				GCC_NO_COMMON_BLOCKS = YES;
				GCC_WARN_64_TO_32_BIT_CONVERSION = YES;
				GCC_WARN_ABOUT_RETURN_TYPE = YES_ERROR;
				GCC_WARN_UNDECLARED_SELECTOR = YES;
				GCC_WARN_UNINITIALIZED_AUTOS = YES_AGGRESSIVE;
				GCC_WARN_UNUSED_FUNCTION = YES;
				GCC_WARN_UNUSED_VARIABLE = YES;
				IPHONEOS_DEPLOYMENT_TARGET = 26.4;
				LOCALIZATION_PREFERS_STRING_CATALOGS = YES;
				MTL_ENABLE_DEBUG_INFO = NO;
				MTL_FAST_MATH = YES;
				SDKROOT = iphoneos;
				SWIFT_COMPILATION_MODE = wholemodule;
				VALIDATE_PRODUCT = YES;
			};
			name = Release;
		};
/* End XCBuildConfiguration section */

/* Begin XCConfigurationList section */
		49D187072FCA202200670C29 /* Build configuration list for PBXProject "module4lesson3" */ = {
			isa = XCConfigurationList;
			buildConfigurations = (
				49D187222FCA202400670C29 /* Debug */,
				49D187232FCA202400670C29 /* Release */,
			);
			defaultConfigurationIsVisible = 0;
			defaultConfigurationName = Release;
		};
		49D1871F2FCA202400670C29 /* Build configuration list for PBXNativeTarget "module4lesson3" */ = {
			isa = XCConfigurationList;
			buildConfigurations = (
				49D187202FCA202400670C29 /* Debug */,
				49D187212FCA202400670C29 /* Release */,
			);
			defaultConfigurationIsVisible = 0;
			defaultConfigurationName = Release;
		};
/* End XCConfigurationList section */

/* Begin XCRemoteSwiftPackageReference section */
		49D187382FCB0B6200670C29 /* XCRemoteSwiftPackageReference "Alamofire" */ = {
			isa = XCRemoteSwiftPackageReference;
			repositoryURL = "https://github.com/Alamofire/Alamofire";
			requirement = {
				kind = upToNextMajorVersion;
				minimumVersion = 5.12.0;
			};
		};
		49D187482FCB202B00670C29 /* XCRemoteSwiftPackageReference "Factory" */ = {
			isa = XCRemoteSwiftPackageReference;
			repositoryURL = "https://github.com/hmlongco/Factory";
			requirement = {
				kind = upToNextMajorVersion;
				minimumVersion = 3.0.5;
			};
		};
		49D187932FCB6F0400670C29 /* XCRemoteSwiftPackageReference "sdwebimage" */ = {
			isa = XCRemoteSwiftPackageReference;
			repositoryURL = "https://github.com/sdwebimage/sdwebimage";
			requirement = {
				kind = upToNextMajorVersion;
				minimumVersion = 5.21.7;
			};
		};
		49EFB6C02FD57E2200F7E1A5 /* XCRemoteSwiftPackageReference "Pulse" */ = {
			isa = XCRemoteSwiftPackageReference;
			repositoryURL = "https://github.com/kean/Pulse";
			requirement = {
				kind = upToNextMajorVersion;
				minimumVersion = 5.2.2;
			};
		};
/* End XCRemoteSwiftPackageReference section */

/* Begin XCSwiftPackageProductDependency section */
		49D187392FCB0B6200670C29 /* Alamofire */ = {
			isa = XCSwiftPackageProductDependency;
			package = 49D187382FCB0B6200670C29 /* XCRemoteSwiftPackageReference "Alamofire" */;
			productName = Alamofire;
		};
		49D187492FCB202B00670C29 /* FactoryKit */ = {
			isa = XCSwiftPackageProductDependency;
			package = 49D187482FCB202B00670C29 /* XCRemoteSwiftPackageReference "Factory" */;
			productName = FactoryKit;
		};
		49D187942FCB6F0400670C29 /* SDWebImage */ = {
			isa = XCSwiftPackageProductDependency;
			package = 49D187932FCB6F0400670C29 /* XCRemoteSwiftPackageReference "sdwebimage" */;
			productName = SDWebImage;
		};
		49D187962FCB6F0400670C29 /* SDWebImageMapKit */ = {
			isa = XCSwiftPackageProductDependency;
			package = 49D187932FCB6F0400670C29 /* XCRemoteSwiftPackageReference "sdwebimage" */;
			productName = SDWebImageMapKit;
		};
		49EFB6C12FD57E2200F7E1A5 /* Pulse */ = {
			isa = XCSwiftPackageProductDependency;
			package = 49EFB6C02FD57E2200F7E1A5 /* XCRemoteSwiftPackageReference "Pulse" */;
			productName = Pulse;
		};
		49EFB6C32FD57E2200F7E1A5 /* PulseProxy */ = {
			isa = XCSwiftPackageProductDependency;
			package = 49EFB6C02FD57E2200F7E1A5 /* XCRemoteSwiftPackageReference "Pulse" */;
			productName = PulseProxy;
		};
		49EFB6C52FD57E2200F7E1A5 /* PulseUI */ = {
			isa = XCSwiftPackageProductDependency;
			package = 49EFB6C02FD57E2200F7E1A5 /* XCRemoteSwiftPackageReference "Pulse" */;
			productName = PulseUI;
		};
/* End XCSwiftPackageProductDependency section */
	};
	rootObject = 49D187042FCA202200670C29 /* Project object */;
}
